
Microsoft Visual Studio Solution File, Format Version 12.00
# Visual Studio 14
VisualStudioVersion = 14.0.23107.0
MinimumVisualStudioVersion = 10.0.40219.1
Project("{FAE04EC0-301F-11D3-BF4B-00C04F79EFBC}") = "gitTest", "gitTest\gitTest.csproj", "{3A865D2F-C781-4B4B-9E0C-BCE019BEE07A}"
EndProject
Global
	GlobalSection(SolutionConfigurationPlatforms) = preSolution
		Debug|Any CPU = Debug|Any CPU
		Release|Any CPU = Release|Any CPU
	EndGlobalSection
	GlobalSection(ProjectConfigurationPlatforms) = postSolution
		{3A865D2F-C781-4B4B-9E0C-BCE019BEE07A}.Debug|Any CPU.ActiveCfg = Debug|Any CPU
		{3A865D2F-C781-4B4B-9E0C-BCE019BEE07A}.Debug|Any CPU.Build.0 = Debug|Any CPU
		{3A865D2F-C781-4B4B-9E0C-BCE019BEE07A}.Release|Any CPU.ActiveCfg = Release|Any CPU
		{3A865D2F-C781-4B4B-9E0C-BCE019BEE07A}.Release|Any CPU.Build.0 = Release|Any CPU
	EndGlobalSection
	GlobalSection(SolutionProperties) = preSolution
		HideSolutionNode = FALSE
	EndGlobalSection
EndGlobal
